
Microsoft Visual Studio Solution File, Format Version 12.00
# Visual Studio Version 16
VisualStudioVersion = 16.0.29728.190
MinimumVisualStudioVersion = 10.0.40219.1
Project("{9A19103F-16F7-4668-BE54-9A1E7A4F7556}") = "WebAPI", "WebAPI\WebAPI.csproj", "{7556E048-CF14-4BBE-97F9-F4576FFEEA60}"
EndProject
Project("{9A19103F-16F7-4668-BE54-9A1E7A4F7556}") = "WebAPI.DAL", "WebAPI.DAL\WebAPI.DAL.csproj", "{78857EC7-573E-421C-906A-47DC9E8D4173}"
EndProject
Project("{FAE04EC0-301F-11D3-BF4B-00C04F79EFBC}") = "WebAPI.Services", "WebAPI.Services\WebAPI.Services.csproj", "{F8F374C8-93DC-4203-9BF5-7E49110CF236}"
EndProject
Global
	GlobalSection(SolutionConfigurationPlatforms) = preSolution
		Debug|Any CPU = Debug|Any CPU
		Release|Any CPU = Release|Any CPU
	EndGlobalSection
	GlobalSection(ProjectConfigurationPlatforms) = postSolution
		{7556E048-CF14-4BBE-97F9-F4576FFEEA60}.Debug|Any CPU.ActiveCfg = Debug|Any CPU
		{7556E048-CF14-4BBE-97F9-F4576FFEEA60}.Debug|Any CPU.Build.0 = Debug|Any CPU
		{7556E048-CF14-4BBE-97F9-F4576FFEEA60}.Release|Any CPU.ActiveCfg = Release|Any CPU
		{7556E048-CF14-4BBE-97F9-F4576FFEEA60}.Release|Any CPU.Build.0 = Release|Any CPU
		{78857EC7-573E-421C-906A-47DC9E8D4173}.Debug|Any CPU.ActiveCfg = Debug|Any CPU
		{78857EC7-573E-421C-906A-47DC9E8D4173}.Debug|Any CPU.Build.0 = Debug|Any CPU
		{78857EC7-573E-421C-906A-47DC9E8D4173}.Release|Any CPU.ActiveCfg = Release|Any CPU
		{78857EC7-573E-421C-906A-47DC9E8D4173}.Release|Any CPU.Build.0 = Release|Any CPU
		{F8F374C8-93DC-4203-9BF5-7E49110CF236}.Debug|Any CPU.ActiveCfg = Debug|Any CPU
		{F8F374C8-93DC-4203-9BF5-7E49110CF236}.Debug|Any CPU.Build.0 = Debug|Any CPU
		{F8F374C8-93DC-4203-9BF5-7E49110CF236}.Release|Any CPU.ActiveCfg = Release|Any CPU
		{F8F374C8-93DC-4203-9BF5-7E49110CF236}.Release|Any CPU.Build.0 = Release|Any CPU
	EndGlobalSection
	GlobalSection(SolutionProperties) = preSolution
		HideSolutionNode = FALSE
	EndGlobalSection
	GlobalSection(ExtensibilityGlobals) = postSolution
		SolutionGuid = {BD19103E-EFF2-40B7-8D26-03A6D18FFB80}
	EndGlobalSection
EndGlobal
